
Microsoft Visual Studio Solution File, Format Version 12.00
# Visual Studio Version 17
VisualStudioVersion = 17.8.34309.116
MinimumVisualStudioVersion = 10.0.40219.1
Project("{9A19103F-16F7-4668-BE54-9A1E7A4F7556}") = "FloorPlanner", "FloorPlanner.csproj", "{F15D69BE-D3FE-4BA9-9CF2-E81F5B1DC5CA}"
EndProject
Project("{9A19103F-16F7-4668-BE54-9A1E7A4F7556}") = "BlazorServerCommon_NET6", "..\Common\BlazorServerCommon_NET6.csproj", "{B51827DD-156E-4A75-AEBC-E81DCE3A3798}"
EndProject
Global
	GlobalSection(SolutionConfigurationPlatforms) = preSolution
		Debug|Any CPU = Debug|Any CPU
		Release|Any CPU = Release|Any CPU
	EndGlobalSection
	GlobalSection(ProjectConfigurationPlatforms) = postSolution
		{F15D69BE-D3FE-4BA9-9CF2-E81F5B1DC5CA}.Debug|Any CPU.ActiveCfg = Debug|Any CPU
		{F15D69BE-D3FE-4BA9-9CF2-E81F5B1DC5CA}.Debug|Any CPU.Build.0 = Debug|Any CPU
		{F15D69BE-D3FE-4BA9-9CF2-E81F5B1DC5CA}.Release|Any CPU.ActiveCfg = Release|Any CPU
		{F15D69BE-D3FE-4BA9-9CF2-E81F5B1DC5CA}.Release|Any CPU.Build.0 = Release|Any CPU
		{B51827DD-156E-4A75-AEBC-E81DCE3A3798}.Debug|Any CPU.ActiveCfg = Debug|Any CPU
		{B51827DD-156E-4A75-AEBC-E81DCE3A3798}.Debug|Any CPU.Build.0 = Debug|Any CPU
		{B51827DD-156E-4A75-AEBC-E81DCE3A3798}.Release|Any CPU.ActiveCfg = Release|Any CPU
		{B51827DD-156E-4A75-AEBC-E81DCE3A3798}.Release|Any CPU.Build.0 = Release|Any CPU
	EndGlobalSection
	GlobalSection(SolutionProperties) = preSolution
		HideSolutionNode = FALSE
	EndGlobalSection
	GlobalSection(ExtensibilityGlobals) = postSolution
		SolutionGuid = {BE1A0218-CA7D-4C1F-B4E0-94782F8802C6}
	EndGlobalSection
EndGlobal
