
Microsoft Visual Studio Solution File, Format Version 12.00
# Visual Studio Version 17
VisualStudioVersion = 17.9.34310.174
MinimumVisualStudioVersion = 10.0.40219.1
Project("{9A19103F-16F7-4668-BE54-9A1E7A4F7556}") = "FloorPlanner", "FloorPlanner\FloorPlanner.csproj", "{64822493-566A-45BA-A1F1-11439216329B}"
EndProject
Project("{9A19103F-16F7-4668-BE54-9A1E7A4F7556}") = "FloorPlanner.Client", "FloorPlanner.Client\FloorPlanner.Client.csproj", "{80156ED1-E12D-4538-AC15-23D08AE02555}"
EndProject
Project("{9A19103F-16F7-4668-BE54-9A1E7A4F7556}") = "BlazorWasmCommon_NET8", "..\Common\BlazorWasmCommon_NET8.csproj", "{22E24E89-66DB-4582-A93C-69860043A495}"
EndProject
Global
	GlobalSection(SolutionConfigurationPlatforms) = preSolution
		Debug|Any CPU = Debug|Any CPU
		Release|Any CPU = Release|Any CPU
	EndGlobalSection
	GlobalSection(ProjectConfigurationPlatforms) = postSolution
		{64822493-566A-45BA-A1F1-11439216329B}.Debug|Any CPU.ActiveCfg = Debug|Any CPU
		{64822493-566A-45BA-A1F1-11439216329B}.Debug|Any CPU.Build.0 = Debug|Any CPU
		{64822493-566A-45BA-A1F1-11439216329B}.Release|Any CPU.ActiveCfg = Release|Any CPU
		{64822493-566A-45BA-A1F1-11439216329B}.Release|Any CPU.Build.0 = Release|Any CPU
		{80156ED1-E12D-4538-AC15-23D08AE02555}.Debug|Any CPU.ActiveCfg = Debug|Any CPU
		{80156ED1-E12D-4538-AC15-23D08AE02555}.Debug|Any CPU.Build.0 = Debug|Any CPU
		{80156ED1-E12D-4538-AC15-23D08AE02555}.Release|Any CPU.ActiveCfg = Release|Any CPU
		{80156ED1-E12D-4538-AC15-23D08AE02555}.Release|Any CPU.Build.0 = Release|Any CPU
		{22E24E89-66DB-4582-A93C-69860043A495}.Debug|Any CPU.ActiveCfg = Debug|Any CPU
		{22E24E89-66DB-4582-A93C-69860043A495}.Debug|Any CPU.Build.0 = Debug|Any CPU
		{22E24E89-66DB-4582-A93C-69860043A495}.Release|Any CPU.ActiveCfg = Release|Any CPU
		{22E24E89-66DB-4582-A93C-69860043A495}.Release|Any CPU.Build.0 = Release|Any CPU
	EndGlobalSection
	GlobalSection(SolutionProperties) = preSolution
		HideSolutionNode = FALSE
	EndGlobalSection
	GlobalSection(ExtensibilityGlobals) = postSolution
		SolutionGuid = {CC2592FE-CC77-478C-ABD4-AC0E8F692EFC}
	EndGlobalSection
EndGlobal
